// !$*UTF8*$!
{
	archiveVersion = 1;
	classes = {
	};
	objectVersion = 55;
	objects = {

/* Begin PBXBuildFile section */
		438890FC28802623005E8F47 /* AppDelegate.swift in Sources */ = {isa = PBXBuildFile; fileRef = 438890FB28802623005E8F47 /* AppDelegate.swift */; };
		438890FE28802623005E8F47 /* SceneDelegate.swift in Sources */ = {isa = PBXBuildFile; fileRef = 438890FD28802623005E8F47 /* SceneDelegate.swift */; };
		4388910028802623005E8F47 /* ViewController.swift in Sources */ = {isa = PBXBuildFile; fileRef = 438890FF28802623005E8F47 /* ViewController.swift */; };
		4388910328802623005E8F47 /* Main.storyboard in Resources */ = {isa = PBXBuildFile; fileRef = 4388910128802623005E8F47 /* Main.storyboard */; };
		4388910528802624005E8F47 /* Assets.xcassets in Resources */ = {isa = PBXBuildFile; fileRef = 4388910428802624005E8F47 /* Assets.xcassets */; };
		4388910828802624005E8F47 /* LaunchScreen.storyboard in Resources */ = {isa = PBXBuildFile; fileRef = 4388910628802624005E8F47 /* LaunchScreen.storyboard */; };
		4388911328802624005E8F47 /* projectgitTests.swift in Sources */ = {isa = PBXBuildFile; fileRef = 4388911228802624005E8F47 /* projectgitTests.swift */; };
		4388911D28802624005E8F47 /* projectgitUITests.swift in Sources */ = {isa = PBXBuildFile; fileRef = 4388911C28802624005E8F47 /* projectgitUITests.swift */; };
		4388911F28802624005E8F47 /* projectgitUITestsLaunchTests.swift in Sources */ = {isa = PBXBuildFile; fileRef = 4388911E28802624005E8F47 /* projectgitUITestsLaunchTests.swift */; };
/* End PBXBuildFile section */

/* Begin PBXContainerItemProxy section */
		4388910F28802624005E8F47 /* PBXContainerItemProxy */ = {
			isa = PBXContainerItemProxy;
			containerPortal = 438890F028802623005E8F47 /* Project object */;
			proxyType = 1;
			remoteGlobalIDString = 438890F728802623005E8F47;
			remoteInfo = projectgit;
		};
		4388911928802624005E8F47 /* PBXContainerItemProxy */ = {
			isa = PBXContainerItemProxy;
			containerPortal = 438890F028802623005E8F47 /* Project object */;
			proxyType = 1;
			remoteGlobalIDString = 438890F728802623005E8F47;
			remoteInfo = projectgit;
		};
/* End PBXContainerItemProxy section */

/* Begin PBXFileReference section */
		438890F828802623005E8F47 /* projectgit.app */ = {isa = PBXFileReference; explicitFileType = wrapper.application; includeInIndex = 0; path = projectgit.app; sourceTree = BUILT_PRODUCTS_DIR; };
		438890FB28802623005E8F47 /* AppDelegate.swift */ = {isa = PBXFileReference; lastKnownFileType = sourcecode.swift; path = AppDelegate.swift; sourceTree = "<group>"; };
		438890FD28802623005E8F47 /* SceneDelegate.swift */ = {isa = PBXFileReference; lastKnownFileType = sourcecode.swift; path = SceneDelegate.swift; sourceTree = "<group>"; };
		438890FF28802623005E8F47 /* ViewController.swift */ = {isa = PBXFileReference; lastKnownFileType = sourcecode.swift; path = ViewController.swift; sourceTree = "<group>"; };
		4388910228802623005E8F47 /* Base */ = {isa = PBXFileReference; lastKnownFileType = file.storyboard; name = Base; path = Base.lproj/Main.storyboard; sourceTree = "<group>"; };
		4388910428802624005E8F47 /* Assets.xcassets */ = {isa = PBXFileReference; lastKnownFileType = folder.assetcatalog; path = Assets.xcassets; sourceTree = "<group>"; };
		4388910728802624005E8F47 /* Base */ = {isa = PBXFileReference; lastKnownFileType = file.storyboard; name = Base; path = Base.lproj/LaunchScreen.storyboard; sourceTree = "<group>"; };
		4388910928802624005E8F47 /* Info.plist */ = {isa = PBXFileReference; lastKnownFileType = text.plist.xml; path = Info.plist; sourceTree = "<group>"; };
		4388910E28802624005E8F47 /* projectgitTests.xctest */ = {isa = PBXFileReference; explicitFileType = wrapper.cfbundle; includeInIndex = 0; path = projectgitTests.xctest; sourceTree = BUILT_PRODUCTS_DIR; };
		4388911228802624005E8F47 /* projectgitTests.swift */ = {isa = PBXFileReference; lastKnownFileType = sourcecode.swift; path = projectgitTests.swift; sourceTree = "<group>"; };
		4388911828802624005E8F47 /* projectgitUITests.xctest */ = {isa = PBXFileReference; explicitFileType = wrapper.cfbundle; includeInIndex = 0; path = projectgitUITests.xctest; sourceTree = BUILT_PRODUCTS_DIR; };
		4388911C28802624005E8F47 /* projectgitUITests.swift */ = {isa = PBXFileReference; lastKnownFileType = sourcecode.swift; path = projectgitUITests.swift; sourceTree = "<group>"; };
		4388911E28802624005E8F47 /* projectgitUITestsLaunchTests.swift */ = {isa = PBXFileReference; lastKnownFileType = sourcecode.swift; path = projectgitUITestsLaunchTests.swift; sourceTree = "<group>"; };
/* End PBXFileReference section */

/* Begin PBXFrameworksBuildPhase section */
		438890F528802623005E8F47 /* Frameworks */ = {
			isa = PBXFrameworksBuildPhase;
			buildActionMask = 2147483647;
			files = (
			);
			runOnlyForDeploymentPostprocessing = 0;
		};
		4388910B28802624005E8F47 /* Frameworks */ = {
			isa = PBXFrameworksBuildPhase;
			buildActionMask = 2147483647;
			files = (
			);
			runOnlyForDeploymentPostprocessing = 0;
		};
		4388911528802624005E8F47 /* Frameworks */ = {
			isa = PBXFrameworksBuildPhase;
			buildActionMask = 2147483647;
			files = (
			);
			runOnlyForDeploymentPostprocessing = 0;
		};
/* End PBXFrameworksBuildPhase section */

/* Begin PBXGroup section */
		438890EF28802623005E8F47 = {
			isa = PBXGroup;
			children = (
				438890FA28802623005E8F47 /* projectgit */,
				4388911128802624005E8F47 /* projectgitTests */,
				4388911B28802624005E8F47 /* projectgitUITests */,
				438890F928802623005E8F47 /* Products */,
			);
			sourceTree = "<group>";
		};
		438890F928802623005E8F47 /* Products */ = {
			isa = PBXGroup;
			children = (
				438890F828802623005E8F47 /* projectgit.app */,
				4388910E28802624005E8F47 /* projectgitTests.xctest */,
				4388911828802624005E8F47 /* projectgitUITests.xctest */,
			);
			name = Products;
			sourceTree = "<group>";
		};
		438890FA28802623005E8F47 /* projectgit */ = {
			isa = PBXGroup;
			children = (
				438890FB28802623005E8F47 /* AppDelegate.swift */,
				438890FD28802623005E8F47 /* SceneDelegate.swift */,
				438890FF28802623005E8F47 /* ViewController.swift */,
				4388910128802623005E8F47 /* Main.storyboard */,
				4388910428802624005E8F47 /* Assets.xcassets */,
				4388910628802624005E8F47 /* LaunchScreen.storyboard */,
				4388910928802624005E8F47 /* Info.plist */,
			);
			path = projectgit;
			sourceTree = "<group>";
		};
		4388911128802624005E8F47 /* projectgitTests */ = {
			isa = PBXGroup;
			children = (
				4388911228802624005E8F47 /* projectgitTests.swift */,
			);
			path = projectgitTests;
			sourceTree = "<group>";
		};
		4388911B28802624005E8F47 /* projectgitUITests */ = {
			isa = PBXGroup;
			children = (
				4388911C28802624005E8F47 /* projectgitUITests.swift */,
				4388911E28802624005E8F47 /* projectgitUITestsLaunchTests.swift */,
			);
			path = projectgitUITests;
			sourceTree = "<group>";
		};
/* End PBXGroup section */

/* Begin PBXNativeTarget section */
		438890F728802623005E8F47 /* projectgit */ = {
			isa = PBXNativeTarget;
			buildConfigurationList = 4388912228802624005E8F47 /* Build configuration list for PBXNativeTarget "projectgit" */;
			buildPhases = (
				438890F428802623005E8F47 /* Sources */,
				438890F528802623005E8F47 /* Frameworks */,
				438890F628802623005E8F47 /* Resources */,
			);
			buildRules = (
			);
			dependencies = (
			);
			name = projectgit;
			productName = projectgit;
			productReference = 438890F828802623005E8F47 /* projectgit.app */;
			productType = "com.apple.product-type.application";
		};
		4388910D28802624005E8F47 /* projectgitTests */ = {
			isa = PBXNativeTarget;
			buildConfigurationList = 4388912528802624005E8F47 /* Build configuration list for PBXNativeTarget "projectgitTests" */;
			buildPhases = (
				4388910A28802624005E8F47 /* Sources */,
				4388910B28802624005E8F47 /* Frameworks */,
				4388910C28802624005E8F47 /* Resources */,
			);
			buildRules = (
			);
			dependencies = (
				4388911028802624005E8F47 /* PBXTargetDependency */,
			);
			name = projectgitTests;
			productName = projectgitTests;
			productReference = 4388910E28802624005E8F47 /* projectgitTests.xctest */;
			productType = "com.apple.product-type.bundle.unit-test";
		};
		4388911728802624005E8F47 /* projectgitUITests */ = {
			isa = PBXNativeTarget;
			buildConfigurationList = 4388912828802624005E8F47 /* Build configuration list for PBXNativeTarget "projectgitUITests" */;
			buildPhases = (
				4388911428802624005E8F47 /* Sources */,
				4388911528802624005E8F47 /* Frameworks */,
				4388911628802624005E8F47 /* Resources */,
			);
			buildRules = (
			);
			dependencies = (
				4388911A28802624005E8F47 /* PBXTargetDependency */,
			);
			name = projectgitUITests;
			productName = projectgitUITests;
			productReference = 4388911828802624005E8F47 /* projectgitUITests.xctest */;
			productType = "com.apple.product-type.bundle.ui-testing";
		};
/* End PBXNativeTarget section */

/* Begin PBXProject section */
		438890F028802623005E8F47 /* Project object */ = {
			isa = PBXProject;
			attributes = {
				BuildIndependentTargetsInParallel = 1;
				LastSwiftUpdateCheck = 1310;
				LastUpgradeCheck = 1310;
				TargetAttributes = {
					438890F728802623005E8F47 = {
						CreatedOnToolsVersion = 13.1;
					};
					4388910D28802624005E8F47 = {
						CreatedOnToolsVersion = 13.1;
						TestTargetID = 438890F728802623005E8F47;
					};
					4388911728802624005E8F47 = {
						CreatedOnToolsVersion = 13.1;
						TestTargetID = 438890F728802623005E8F47;
					};
				};
			};
			buildConfigurationList = 438890F328802623005E8F47 /* Build configuration list for PBXProject "projectgit" */;
			compatibilityVersion = "Xcode 13.0";
			developmentRegion = en;
			hasScannedForEncodings = 0;
			knownRegions = (
				en,
				Base,
			);
			mainGroup = 438890EF28802623005E8F47;
			productRefGroup = 438890F928802623005E8F47 /* Products */;
			projectDirPath = "";
			projectRoot = "";
			targets = (
				438890F728802623005E8F47 /* projectgit */,
				4388910D28802624005E8F47 /* projectgitTests */,
				4388911728802624005E8F47 /* projectgitUITests */,
			);
		};
/* End PBXProject section */

/* Begin PBXResourcesBuildPhase section */
		438890F628802623005E8F47 /* Resources */ = {
			isa = PBXResourcesBuildPhase;
			buildActionMask = 2147483647;
			files = (
				4388910828802624005E8F47 /* LaunchScreen.storyboard in Resources */,
				4388910528802624005E8F47 /* Assets.xcassets in Resources */,
				4388910328802623005E8F47 /* Main.storyboard in Resources */,
			);
			runOnlyForDeploymentPostprocessing = 0;
		};
		4388910C28802624005E8F47 /* Resources */ = {
			isa = PBXResourcesBuildPhase;
			buildActionMask = 2147483647;
			files = (
			);
			runOnlyForDeploymentPostprocessing = 0;
		};
		4388911628802624005E8F47 /* Resources */ = {
			isa = PBXResourcesBuildPhase;
			buildActionMask = 2147483647;
			files = (
			);
			runOnlyForDeploymentPostprocessing = 0;
		};
/* End PBXResourcesBuildPhase section */

/* Begin PBXSourcesBuildPhase section */
		438890F428802623005E8F47 /* Sources */ = {
			isa = PBXSourcesBuildPhase;
			buildActionMask = 2147483647;
			files = (
				4388910028802623005E8F47 /* ViewController.swift in Sources */,
				438890FC28802623005E8F47 /* AppDelegate.swift in Sources */,
				438890FE28802623005E8F47 /* SceneDelegate.swift in Sources */,
			);
			runOnlyForDeploymentPostprocessing = 0;
		};
		4388910A28802624005E8F47 /* Sources */ = {
			isa = PBXSourcesBuildPhase;
			buildActionMask = 2147483647;
			files = (
				4388911328802624005E8F47 /* projectgitTests.swift in Sources */,
			);
			runOnlyForDeploymentPostprocessing = 0;
		};
		4388911428802624005E8F47 /* Sources */ = {
			isa = PBXSourcesBuildPhase;
			buildActionMask = 2147483647;
			files = (
				4388911D28802624005E8F47 /* projectgitUITests.swift in Sources */,
				4388911F28802624005E8F47 /* projectgitUITestsLaunchTests.swift in Sources */,
			);
			runOnlyForDeploymentPostprocessing = 0;
		};
/* End PBXSourcesBuildPhase section */

/* Begin PBXTargetDependency section */
		4388911028802624005E8F47 /* PBXTargetDependency */ = {
			isa = PBXTargetDependency;
			target = 438890F728802623005E8F47 /* projectgit */;
			targetProxy = 4388910F28802624005E8F47 /* PBXContainerItemProxy */;
		};
		4388911A28802624005E8F47 /* PBXTargetDependency */ = {
			isa = PBXTargetDependency;
			target = 438890F728802623005E8F47 /* projectgit */;
			targetProxy = 4388911928802624005E8F47 /* PBXContainerItemProxy */;
		};
/* End PBXTargetDependency section */

/* Begin PBXVariantGroup section */
		4388910128802623005E8F47 /* Main.storyboard */ = {
			isa = PBXVariantGroup;
			children = (
				4388910228802623005E8F47 /* Base */,
			);
			name = Main.storyboard;
			sourceTree = "<group>";
		};
		4388910628802624005E8F47 /* LaunchScreen.storyboard */ = {
			isa = PBXVariantGroup;
			children = (
				4388910728802624005E8F47 /* Base */,
			);
			name = LaunchScreen.storyboard;
			sourceTree = "<group>";
		};
/* End PBXVariantGroup section */

/* Begin XCBuildConfiguration section */
		4388912028802624005E8F47 /* Debug */ = {
			isa = XCBuildConfiguration;
			buildSettings = {
				ALWAYS_SEARCH_USER_PATHS = NO;
				CLANG_ANALYZER_NONNULL = YES;
				CLANG_ANALYZER_NUMBER_OBJECT_CONVERSION = YES_AGGRESSIVE;
				CLANG_CXX_LANGUAGE_STANDARD = "gnu++17";
				CLANG_CXX_LIBRARY = "libc++";
				CLANG_ENABLE_MODULES = YES;
				CLANG_ENABLE_OBJC_ARC = YES;
				CLANG_ENABLE_OBJC_WEAK = YES;
				CLANG_WARN_BLOCK_CAPTURE_AUTORELEASING = YES;
				CLANG_WARN_BOOL_CONVERSION = YES;
				CLANG_WARN_COMMA = YES;
				CLANG_WARN_CONSTANT_CONVERSION = YES;
				CLANG_WARN_DEPRECATED_OBJC_IMPLEMENTATIONS = YES;
				CLANG_WARN_DIRECT_OBJC_ISA_USAGE = YES_ERROR;
				CLANG_WARN_DOCUMENTATION_COMMENTS = YES;
				CLANG_WARN_EMPTY_BODY = YES;
				CLANG_WARN_ENUM_CONVERSION = YES;
				CLANG_WARN_INFINITE_RECURSION = YES;
				CLANG_WARN_INT_CONVERSION = YES;
				CLANG_WARN_NON_LITERAL_NULL_CONVERSION = YES;
				CLANG_WARN_OBJC_IMPLICIT_RETAIN_SELF = YES;
				CLANG_WARN_OBJC_LITERAL_CONVERSION = YES;
				CLANG_WARN_OBJC_ROOT_CLASS = YES_ERROR;
				CLANG_WARN_QUOTED_INCLUDE_IN_FRAMEWORK_HEADER = YES;
				CLANG_WARN_RANGE_LOOP_ANALYSIS = YES;
				CLANG_WARN_STRICT_PROTOTYPES = YES;
				CLANG_WARN_SUSPICIOUS_MOVE = YES;
				CLANG_WARN_UNGUARDED_AVAILABILITY = YES_AGGRESSIVE;
				CLANG_WARN_UNREACHABLE_CODE = YES;
				CLANG_WARN__DUPLICATE_METHOD_MATCH = YES;
				COPY_PHASE_STRIP = NO;
				DEBUG_INFORMATION_FORMAT = dwarf;
				ENABLE_STRICT_OBJC_MSGSEND = YES;
				ENABLE_TESTABILITY = YES;
				GCC_C_LANGUAGE_STANDARD = gnu11;
				GCC_DYNAMIC_NO_PIC = NO;
				GCC_NO_COMMON_BLOCKS = YES;
				GCC_OPTIMIZATION_LEVEL = 0;
				GCC_PREPROCESSOR_DEFINITIONS = (
					"DEBUG=1",
					"$(inherited)",
				);
				GCC_WARN_64_TO_32_BIT_CONVERSION = YES;
				GCC_WARN_ABOUT_RETURN_TYPE = YES_ERROR;
				GCC_WARN_UNDECLARED_SELECTOR = YES;
				GCC_WARN_UNINITIALIZED_AUTOS = YES_AGGRESSIVE;
				GCC_WARN_UNUSED_FUNCTION = YES;
				GCC_WARN_UNUSED_VARIABLE = YES;
				IPHONEOS_DEPLOYMENT_TARGET = 15.0;
				MTL_ENABLE_DEBUG_INFO = INCLUDE_SOURCE;
				MTL_FAST_MATH = YES;
				ONLY_ACTIVE_ARCH = YES;
				SDKROOT = iphoneos;
				SWIFT_ACTIVE_COMPILATION_CONDITIONS = DEBUG;
				SWIFT_OPTIMIZATION_LEVEL = "-Onone";
			};
			name = Debug;
		};
		4388912128802624005E8F47 /* Release */ = {
			isa = XCBuildConfiguration;
			buildSettings = {
				ALWAYS_SEARCH_USER_PATHS = NO;
				CLANG_ANALYZER_NONNULL = YES;
				CLANG_ANALYZER_NUMBER_OBJECT_CONVERSION = YES_AGGRESSIVE;
				CLANG_CXX_LANGUAGE_STANDARD = "gnu++17";
				CLANG_CXX_LIBRARY = "libc++";
				CLANG_ENABLE_MODULES = YES;
				CLANG_ENABLE_OBJC_ARC = YES;
				CLANG_ENABLE_OBJC_WEAK = YES;
				CLANG_WARN_BLOCK_CAPTURE_AUTORELEASING = YES;
				CLANG_WARN_BOOL_CONVERSION = YES;
				CLANG_WARN_COMMA = YES;
				CLANG_WARN_CONSTANT_CONVERSION = YES;
				CLANG_WARN_DEPRECATED_OBJC_IMPLEMENTATIONS = YES;
				CLANG_WARN_DIRECT_OBJC_ISA_USAGE = YES_ERROR;
				CLANG_WARN_DOCUMENTATION_COMMENTS = YES;
				CLANG_WARN_EMPTY_BODY = YES;
				CLANG_WARN_ENUM_CONVERSION = YES;
				CLANG_WARN_INFINITE_RECURSION = YES;
				CLANG_WARN_INT_CONVERSION = YES;
				CLANG_WARN_NON_LITERAL_NULL_CONVERSION = YES;
				CLANG_WARN_OBJC_IMPLICIT_RETAIN_SELF = YES;
				CLANG_WARN_OBJC_LITERAL_CONVERSION = YES;
				CLANG_WARN_OBJC_ROOT_CLASS = YES_ERROR;
				CLANG_WARN_QUOTED_INCLUDE_IN_FRAMEWORK_HEADER = YES;
				CLANG_WARN_RANGE_LOOP_ANALYSIS = YES;
				CLANG_WARN_STRICT_PROTOTYPES = YES;
				CLANG_WARN_SUSPICIOUS_MOVE = YES;
				CLANG_WARN_UNGUARDED_AVAILABILITY = YES_AGGRESSIVE;
				CLANG_WARN_UNREACHABLE_CODE = YES;
				CLANG_WARN__DUPLICATE_METHOD_MATCH = YES;
				COPY_PHASE_STRIP = NO;
				DEBUG_INFORMATION_FORMAT = "dwarf-with-dsym";
				ENABLE_NS_ASSERTIONS = NO;
				ENABLE_STRICT_OBJC_MSGSEND = YES;
				GCC_C_LANGUAGE_STANDARD = gnu11;
				GCC_NO_COMMON_BLOCKS = YES;
				GCC_WARN_64_TO_32_BIT_CONVERSION = YES;
				GCC_WARN_ABOUT_RETURN_TYPE = YES_ERROR;
				GCC_WARN_UNDECLARED_SELECTOR = YES;
				GCC_WARN_UNINITIALIZED_AUTOS = YES_AGGRESSIVE;
				GCC_WARN_UNUSED_FUNCTION = YES;
				GCC_WARN_UNUSED_VARIABLE = YES;
				IPHONEOS_DEPLOYMENT_TARGET = 15.0;
				MTL_ENABLE_DEBUG_INFO = NO;
				MTL_FAST_MATH = YES;
				SDKROOT = iphoneos;
				SWIFT_COMPILATION_MODE = wholemodule;
				SWIFT_OPTIMIZATION_LEVEL = "-O";
				VALIDATE_PRODUCT = YES;
			};
			name = Release;
		};
		4388912328802624005E8F47 /* Debug */ = {
			isa = XCBuildConfiguration;
			buildSettings = {
				ASSETCATALOG_COMPILER_APPICON_NAME = AppIcon;
				ASSETCATALOG_COMPILER_GLOBAL_ACCENT_COLOR_NAME = AccentColor;
				CODE_SIGN_STYLE = Automatic;
				CURRENT_PROJECT_VERSION = 1;
				GENERATE_INFOPLIST_FILE = YES;
				INFOPLIST_FILE = projectgit/Info.plist;
				INFOPLIST_KEY_UIApplicationSupportsIndirectInputEvents = YES;
				INFOPLIST_KEY_UILaunchStoryboardName = LaunchScreen;
				INFOPLIST_KEY_UIMainStoryboardFile = Main;
				INFOPLIST_KEY_UISupportedInterfaceOrientations_iPad = "UIInterfaceOrientationPortrait UIInterfaceOrientationPortraitUpsideDown UIInterfaceOrientationLandscapeLeft UIInterfaceOrientationLandscapeRight";
				INFOPLIST_KEY_UISupportedInterfaceOrientations_iPhone = "UIInterfaceOrientationPortrait UIInterfaceOrientationLandscapeLeft UIInterfaceOrientationLandscapeRight";
				LD_RUNPATH_SEARCH_PATHS = (
					"$(inherited)",
					"@executable_path/Frameworks",
				);
				MARKETING_VERSION = 1.0;
				PRODUCT_BUNDLE_IDENTIFIER = dellainfotech.projectgit;
				PRODUCT_NAME = "$(TARGET_NAME)";
				SWIFT_EMIT_LOC_STRINGS = YES;
				SWIFT_VERSION = 5.0;
				TARGETED_DEVICE_FAMILY = "1,2";
			};
			name = Debug;
		};
		4388912428802624005E8F47 /* Release */ = {
			isa = XCBuildConfiguration;
			buildSettings = {
				ASSETCATALOG_COMPILER_APPICON_NAME = AppIcon;
				ASSETCATALOG_COMPILER_GLOBAL_ACCENT_COLOR_NAME = AccentColor;
				CODE_SIGN_STYLE = Automatic;
				CURRENT_PROJECT_VERSION = 1;
				GENERATE_INFOPLIST_FILE = YES;
				INFOPLIST_FILE = projectgit/Info.plist;
				INFOPLIST_KEY_UIApplicationSupportsIndirectInputEvents = YES;
				INFOPLIST_KEY_UILaunchStoryboardName = LaunchScreen;
				INFOPLIST_KEY_UIMainStoryboardFile = Main;
				INFOPLIST_KEY_UISupportedInterfaceOrientations_iPad = "UIInterfaceOrientationPortrait UIInterfaceOrientationPortraitUpsideDown UIInterfaceOrientationLandscapeLeft UIInterfaceOrientationLandscapeRight";
				INFOPLIST_KEY_UISupportedInterfaceOrientations_iPhone = "UIInterfaceOrientationPortrait UIInterfaceOrientationLandscapeLeft UIInterfaceOrientationLandscapeRight";
				LD_RUNPATH_SEARCH_PATHS = (
					"$(inherited)",
					"@executable_path/Frameworks",
				);
				MARKETING_VERSION = 1.0;
				PRODUCT_BUNDLE_IDENTIFIER = dellainfotech.projectgit;
				PRODUCT_NAME = "$(TARGET_NAME)";
				SWIFT_EMIT_LOC_STRINGS = YES;
				SWIFT_VERSION = 5.0;
				TARGETED_DEVICE_FAMILY = "1,2";
			};
			name = Release;
		};
		4388912628802624005E8F47 /* Debug */ = {
			isa = XCBuildConfiguration;
			buildSettings = {
				ALWAYS_EMBED_SWIFT_STANDARD_LIBRARIES = YES;
				BUNDLE_LOADER = "$(TEST_HOST)";
				CODE_SIGN_STYLE = Automatic;
				CURRENT_PROJECT_VERSION = 1;
				GENERATE_INFOPLIST_FILE = YES;
				IPHONEOS_DEPLOYMENT_TARGET = 15.0;
				LD_RUNPATH_SEARCH_PATHS = (
					"$(inherited)",
					"@executable_path/Frameworks",
					"@loader_path/Frameworks",
				);
				MARKETING_VERSION = 1.0;
				PRODUCT_BUNDLE_IDENTIFIER = dellainfotech.projectgitTests;
				PRODUCT_NAME = "$(TARGET_NAME)";
				SWIFT_EMIT_LOC_STRINGS = NO;
				SWIFT_VERSION = 5.0;
				TARGETED_DEVICE_FAMILY = "1,2";
				TEST_HOST = "$(BUILT_PRODUCTS_DIR)/projectgit.app/projectgit";
			};
			name = Debug;
		};
		4388912728802624005E8F47 /* Release */ = {
			isa = XCBuildConfiguration;
			buildSettings = {
				ALWAYS_EMBED_SWIFT_STANDARD_LIBRARIES = YES;
				BUNDLE_LOADER = "$(TEST_HOST)";
				CODE_SIGN_STYLE = Automatic;
				CURRENT_PROJECT_VERSION = 1;
				GENERATE_INFOPLIST_FILE = YES;
				IPHONEOS_DEPLOYMENT_TARGET = 15.0;
				LD_RUNPATH_SEARCH_PATHS = (
					"$(inherited)",
					"@executable_path/Frameworks",
					"@loader_path/Frameworks",
				);
				MARKETING_VERSION = 1.0;
				PRODUCT_BUNDLE_IDENTIFIER = dellainfotech.projectgitTests;
				PRODUCT_NAME = "$(TARGET_NAME)";
				SWIFT_EMIT_LOC_STRINGS = NO;
				SWIFT_VERSION = 5.0;
				TARGETED_DEVICE_FAMILY = "1,2";
				TEST_HOST = "$(BUILT_PRODUCTS_DIR)/projectgit.app/projectgit";
			};
			name = Release;
		};
		4388912928802624005E8F47 /* Debug */ = {
			isa = XCBuildConfiguration;
			buildSettings = {
				ALWAYS_EMBED_SWIFT_STANDARD_LIBRARIES = YES;
				CODE_SIGN_STYLE = Automatic;
				CURRENT_PROJECT_VERSION = 1;
				GENERATE_INFOPLIST_FILE = YES;
				LD_RUNPATH_SEARCH_PATHS = (
					"$(inherited)",
					"@executable_path/Frameworks",
					"@loader_path/Frameworks",
				);
				MARKETING_VERSION = 1.0;
				PRODUCT_BUNDLE_IDENTIFIER = dellainfotech.projectgitUITests;
				PRODUCT_NAME = "$(TARGET_NAME)";
				SWIFT_EMIT_LOC_STRINGS = NO;
				SWIFT_VERSION = 5.0;
				TARGETED_DEVICE_FAMILY = "1,2";
				TEST_TARGET_NAME = projectgit;
			};
			name = Debug;
		};
		4388912A28802624005E8F47 /* Release */ = {
			isa = XCBuildConfiguration;
			buildSettings = {
				ALWAYS_EMBED_SWIFT_STANDARD_LIBRARIES = YES;
				CODE_SIGN_STYLE = Automatic;
				CURRENT_PROJECT_VERSION = 1;
				GENERATE_INFOPLIST_FILE = YES;
				LD_RUNPATH_SEARCH_PATHS = (
					"$(inherited)",
					"@executable_path/Frameworks",
					"@loader_path/Frameworks",
				);
				MARKETING_VERSION = 1.0;
				PRODUCT_BUNDLE_IDENTIFIER = dellainfotech.projectgitUITests;
				PRODUCT_NAME = "$(TARGET_NAME)";
				SWIFT_EMIT_LOC_STRINGS = NO;
				SWIFT_VERSION = 5.0;
				TARGETED_DEVICE_FAMILY = "1,2";
				TEST_TARGET_NAME = projectgit;
			};
			name = Release;
		};
/* End XCBuildConfiguration section */

/* Begin XCConfigurationList section */
		438890F328802623005E8F47 /* Build configuration list for PBXProject "projectgit" */ = {
			isa = XCConfigurationList;
			buildConfigurations = (
				4388912028802624005E8F47 /* Debug */,
				4388912128802624005E8F47 /* Release */,
			);
			defaultConfigurationIsVisible = 0;
			defaultConfigurationName = Release;
		};
		4388912228802624005E8F47 /* Build configuration list for PBXNativeTarget "projectgit" */ = {
			isa = XCConfigurationList;
			buildConfigurations = (
				4388912328802624005E8F47 /* Debug */,
				4388912428802624005E8F47 /* Release */,
			);
			defaultConfigurationIsVisible = 0;
			defaultConfigurationName = Release;
		};
		4388912528802624005E8F47 /* Build configuration list for PBXNativeTarget "projectgitTests" */ = {
			isa = XCConfigurationList;
			buildConfigurations = (
				4388912628802624005E8F47 /* Debug */,
				4388912728802624005E8F47 /* Release */,
			);
			defaultConfigurationIsVisible = 0;
			defaultConfigurationName = Release;
		};
		4388912828802624005E8F47 /* Build configuration list for PBXNativeTarget "projectgitUITests" */ = {
			isa = XCConfigurationList;
			buildConfigurations = (
				4388912928802624005E8F47 /* Debug */,
				4388912A28802624005E8F47 /* Release */,
			);
			defaultConfigurationIsVisible = 0;
			defaultConfigurationName = Release;
		};
/* End XCConfigurationList section */
	};
	rootObject = 438890F028802623005E8F47 /* Project object */;
}
